
Microsoft Visual Studio Solution File, Format Version 12.00
# Visual Studio 15
VisualStudioVersion = 15.0.27703.2042
MinimumVisualStudioVersion = 10.0.40219.1
Project("{9A19103F-16F7-4668-BE54-9A1E7A4F7556}") = "TheHiProgram", "TheHiProgram\TheHiProgram.csproj", "{6753414D-DF46-48BD-B367-39E4BB7E2B78}"
EndProject
Project("{9A19103F-16F7-4668-BE54-9A1E7A4F7556}") = "AgeAfter10Years", "AgeAfter10Years\AgeAfter10Years.csproj", "{EFF5D187-95F3-4355-A036-1FB6037EEA1E}"
EndProject
Project("{9A19103F-16F7-4668-BE54-9A1E7A4F7556}") = "MyUniqueNumber", "MyUniqueNumber\MyUniqueNumber.csproj", "{F755C462-4EE9-42AA-BDB3-C3790AFF9AE6}"
EndProject
Project("{2150E333-8FDC-42A3-9474-1A3956D46DE8}") = "week2", "week2", "{AC923E92-CFD1-4E1D-BDC9-B1F55F265F45}"
EndProject
Project("{9A19103F-16F7-4668-BE54-9A1E7A4F7556}") = "Travel2TheSunWithSoundSpeedInWater", "Travel2TheSunWithSoundSpeedInWater\Travel2TheSunWithSoundSpeedInWater.csproj", "{7628E120-BE1B-4260-BE74-C810EB646716}"
EndProject
Project("{9A19103F-16F7-4668-BE54-9A1E7A4F7556}") = "4thDigit", "4thDigit\4thDigit.csproj", "{7EFAEC2C-56BA-4B8E-8487-53611F01385E}"
EndProject
Project("{9A19103F-16F7-4668-BE54-9A1E7A4F7556}") = "CalculateWeightInTheSolarSystem", "CalculateWeightInTheSolarSystem\CalculateWeightInTheSolarSystem.csproj", "{4F70C81E-0CC1-4235-A4FE-F72556F59F3D}"
EndProject
Project("{9A19103F-16F7-4668-BE54-9A1E7A4F7556}") = "DecartCoordinates", "DecartCoordinates\DecartCoordinates.csproj", "{1F066731-382A-44AC-9E53-64F00E67EAC6}"
EndProject
Project("{2150E333-8FDC-42A3-9474-1A3956D46DE8}") = "week3", "week3", "{437BDBEF-B034-4035-A90A-BD2CEBAFA345}"
EndProject
Project("{9A19103F-16F7-4668-BE54-9A1E7A4F7556}") = "BusTicketLuckyNumbers", "BusTicketLuckyNumbers\BusTicketLuckyNumbers.csproj", "{56A86D30-783B-4728-A08F-85D5A2D53197}"
EndProject
Project("{2150E333-8FDC-42A3-9474-1A3956D46DE8}") = "week1", "week1", "{E887168E-58D3-4D81-B9F0-A82E93A1C132}"
EndProject
Project("{9A19103F-16F7-4668-BE54-9A1E7A4F7556}") = "MiserPiggy", "MiserPiggy\MiserPiggy.csproj", "{3FD21C95-51C7-4F13-AA84-12A1F5B52A7E}"
EndProject
Project("{9A19103F-16F7-4668-BE54-9A1E7A4F7556}") = "SimpleDeckOfCards", "SimpleDeckOfCards\SimpleDeckOfCards.csproj", "{4DFE2035-0C7E-4520-87CB-F688F7A3AB9B}"
EndProject
Project("{2150E333-8FDC-42A3-9474-1A3956D46DE8}") = "week6", "week6", "{1ED60177-2F70-4925-98E1-8C05E74517C5}"
EndProject
Project("{9A19103F-16F7-4668-BE54-9A1E7A4F7556}") = "GetMax", "GetMax\GetMax.csproj", "{D5679A90-5937-4CB9-8C6C-6EBF9DED3F8D}"
EndProject
Project("{9A19103F-16F7-4668-BE54-9A1E7A4F7556}") = "GeometryCalculator", "GeometryCalculator\GeometryCalculator.csproj", "{D6AE20F8-90B6-451C-A8FD-B69FA1D8324E}"
EndProject
Project("{9A19103F-16F7-4668-BE54-9A1E7A4F7556}") = "StudentsSmile", "StudentsSmile\StudentsSmile.csproj", "{9AFCF239-B823-4FAA-9271-E0D37118185E}"
EndProject
Project("{2150E333-8FDC-42A3-9474-1A3956D46DE8}") = "week8", "week8", "{4F6DDA88-D0CA-4F72-850B-396118E7E0AA}"
EndProject
Project("{FAE04EC0-301F-11D3-BF4B-00C04F79EFBC}") = "CircleArea", "CircleArea\CircleArea.csproj", "{AB5FDAC9-6920-4FD3-9CF6-1BF75CB190E7}"
EndProject
Project("{FAE04EC0-301F-11D3-BF4B-00C04F79EFBC}") = "AverageNumber", "AverageNumber\AverageNumber.csproj", "{9611C18C-5DDE-4E13-83C2-B43445AF10A4}"
EndProject
Project("{FAE04EC0-301F-11D3-BF4B-00C04F79EFBC}") = "PiggyBank", "PiggyBank\PiggyBank.csproj", "{F454AE75-D034-473F-8537-B558728F1F8A}"
EndProject
Project("{FAE04EC0-301F-11D3-BF4B-00C04F79EFBC}") = "Calculator", "Calculator\Calculator.csproj", "{0F75FD5F-1E1C-4812-8772-7BC4891CDC6B}"
EndProject
Project("{FAE04EC0-301F-11D3-BF4B-00C04F79EFBC}") = "TextBombardment", "TextBombardment\TextBombardment.csproj", "{455025A1-14E4-4FBF-8AF0-2B0894A1F11D}"
EndProject
Global
	GlobalSection(SolutionConfigurationPlatforms) = preSolution
		Debug|Any CPU = Debug|Any CPU
		Release|Any CPU = Release|Any CPU
	EndGlobalSection
	GlobalSection(ProjectConfigurationPlatforms) = postSolution
		{6753414D-DF46-48BD-B367-39E4BB7E2B78}.Debug|Any CPU.ActiveCfg = Debug|Any CPU
		{6753414D-DF46-48BD-B367-39E4BB7E2B78}.Debug|Any CPU.Build.0 = Debug|Any CPU
		{6753414D-DF46-48BD-B367-39E4BB7E2B78}.Release|Any CPU.ActiveCfg = Release|Any CPU
		{6753414D-DF46-48BD-B367-39E4BB7E2B78}.Release|Any CPU.Build.0 = Release|Any CPU
		{EFF5D187-95F3-4355-A036-1FB6037EEA1E}.Debug|Any CPU.ActiveCfg = Debug|Any CPU
		{EFF5D187-95F3-4355-A036-1FB6037EEA1E}.Debug|Any CPU.Build.0 = Debug|Any CPU
		{EFF5D187-95F3-4355-A036-1FB6037EEA1E}.Release|Any CPU.ActiveCfg = Release|Any CPU
		{EFF5D187-95F3-4355-A036-1FB6037EEA1E}.Release|Any CPU.Build.0 = Release|Any CPU
		{F755C462-4EE9-42AA-BDB3-C3790AFF9AE6}.Debug|Any CPU.ActiveCfg = Debug|Any CPU
		{F755C462-4EE9-42AA-BDB3-C3790AFF9AE6}.Debug|Any CPU.Build.0 = Debug|Any CPU
		{F755C462-4EE9-42AA-BDB3-C3790AFF9AE6}.Release|Any CPU.ActiveCfg = Release|Any CPU
		{F755C462-4EE9-42AA-BDB3-C3790AFF9AE6}.Release|Any CPU.Build.0 = Release|Any CPU
		{7628E120-BE1B-4260-BE74-C810EB646716}.Debug|Any CPU.ActiveCfg = Debug|Any CPU
		{7628E120-BE1B-4260-BE74-C810EB646716}.Debug|Any CPU.Build.0 = Debug|Any CPU
		{7628E120-BE1B-4260-BE74-C810EB646716}.Release|Any CPU.ActiveCfg = Release|Any CPU
		{7628E120-BE1B-4260-BE74-C810EB646716}.Release|Any CPU.Build.0 = Release|Any CPU
		{7EFAEC2C-56BA-4B8E-8487-53611F01385E}.Debug|Any CPU.ActiveCfg = Debug|Any CPU
		{7EFAEC2C-56BA-4B8E-8487-53611F01385E}.Debug|Any CPU.Build.0 = Debug|Any CPU
		{7EFAEC2C-56BA-4B8E-8487-53611F01385E}.Release|Any CPU.ActiveCfg = Release|Any CPU
		{7EFAEC2C-56BA-4B8E-8487-53611F01385E}.Release|Any CPU.Build.0 = Release|Any CPU
		{4F70C81E-0CC1-4235-A4FE-F72556F59F3D}.Debug|Any CPU.ActiveCfg = Debug|Any CPU
		{4F70C81E-0CC1-4235-A4FE-F72556F59F3D}.Debug|Any CPU.Build.0 = Debug|Any CPU
		{4F70C81E-0CC1-4235-A4FE-F72556F59F3D}.Release|Any CPU.ActiveCfg = Release|Any CPU
		{4F70C81E-0CC1-4235-A4FE-F72556F59F3D}.Release|Any CPU.Build.0 = Release|Any CPU
		{1F066731-382A-44AC-9E53-64F00E67EAC6}.Debug|Any CPU.ActiveCfg = Debug|Any CPU
		{1F066731-382A-44AC-9E53-64F00E67EAC6}.Debug|Any CPU.Build.0 = Debug|Any CPU
		{1F066731-382A-44AC-9E53-64F00E67EAC6}.Release|Any CPU.ActiveCfg = Release|Any CPU
		{1F066731-382A-44AC-9E53-64F00E67EAC6}.Release|Any CPU.Build.0 = Release|Any CPU
		{56A86D30-783B-4728-A08F-85D5A2D53197}.Debug|Any CPU.ActiveCfg = Debug|Any CPU
		{56A86D30-783B-4728-A08F-85D5A2D53197}.Debug|Any CPU.Build.0 = Debug|Any CPU
		{56A86D30-783B-4728-A08F-85D5A2D53197}.Release|Any CPU.ActiveCfg = Release|Any CPU
		{56A86D30-783B-4728-A08F-85D5A2D53197}.Release|Any CPU.Build.0 = Release|Any CPU
		{3FD21C95-51C7-4F13-AA84-12A1F5B52A7E}.Debug|Any CPU.ActiveCfg = Debug|Any CPU
		{3FD21C95-51C7-4F13-AA84-12A1F5B52A7E}.Debug|Any CPU.Build.0 = Debug|Any CPU
		{3FD21C95-51C7-4F13-AA84-12A1F5B52A7E}.Release|Any CPU.ActiveCfg = Release|Any CPU
		{3FD21C95-51C7-4F13-AA84-12A1F5B52A7E}.Release|Any CPU.Build.0 = Release|Any CPU
		{4DFE2035-0C7E-4520-87CB-F688F7A3AB9B}.Debug|Any CPU.ActiveCfg = Debug|Any CPU
		{4DFE2035-0C7E-4520-87CB-F688F7A3AB9B}.Debug|Any CPU.Build.0 = Debug|Any CPU
		{4DFE2035-0C7E-4520-87CB-F688F7A3AB9B}.Release|Any CPU.ActiveCfg = Release|Any CPU
		{4DFE2035-0C7E-4520-87CB-F688F7A3AB9B}.Release|Any CPU.Build.0 = Release|Any CPU
		{D5679A90-5937-4CB9-8C6C-6EBF9DED3F8D}.Debug|Any CPU.ActiveCfg = Debug|Any CPU
		{D5679A90-5937-4CB9-8C6C-6EBF9DED3F8D}.Debug|Any CPU.Build.0 = Debug|Any CPU
		{D5679A90-5937-4CB9-8C6C-6EBF9DED3F8D}.Release|Any CPU.ActiveCfg = Release|Any CPU
		{D5679A90-5937-4CB9-8C6C-6EBF9DED3F8D}.Release|Any CPU.Build.0 = Release|Any CPU
		{D6AE20F8-90B6-451C-A8FD-B69FA1D8324E}.Debug|Any CPU.ActiveCfg = Debug|Any CPU
		{D6AE20F8-90B6-451C-A8FD-B69FA1D8324E}.Debug|Any CPU.Build.0 = Debug|Any CPU
		{D6AE20F8-90B6-451C-A8FD-B69FA1D8324E}.Release|Any CPU.ActiveCfg = Release|Any CPU
		{D6AE20F8-90B6-451C-A8FD-B69FA1D8324E}.Release|Any CPU.Build.0 = Release|Any CPU
		{9AFCF239-B823-4FAA-9271-E0D37118185E}.Debug|Any CPU.ActiveCfg = Debug|Any CPU
		{9AFCF239-B823-4FAA-9271-E0D37118185E}.Debug|Any CPU.Build.0 = Debug|Any CPU
		{9AFCF239-B823-4FAA-9271-E0D37118185E}.Release|Any CPU.ActiveCfg = Release|Any CPU
		{9AFCF239-B823-4FAA-9271-E0D37118185E}.Release|Any CPU.Build.0 = Release|Any CPU
		{AB5FDAC9-6920-4FD3-9CF6-1BF75CB190E7}.Debug|Any CPU.ActiveCfg = Debug|Any CPU
		{AB5FDAC9-6920-4FD3-9CF6-1BF75CB190E7}.Debug|Any CPU.Build.0 = Debug|Any CPU
		{AB5FDAC9-6920-4FD3-9CF6-1BF75CB190E7}.Release|Any CPU.ActiveCfg = Release|Any CPU
		{AB5FDAC9-6920-4FD3-9CF6-1BF75CB190E7}.Release|Any CPU.Build.0 = Release|Any CPU
		{9611C18C-5DDE-4E13-83C2-B43445AF10A4}.Debug|Any CPU.ActiveCfg = Debug|Any CPU
		{9611C18C-5DDE-4E13-83C2-B43445AF10A4}.Debug|Any CPU.Build.0 = Debug|Any CPU
		{9611C18C-5DDE-4E13-83C2-B43445AF10A4}.Release|Any CPU.ActiveCfg = Release|Any CPU
		{9611C18C-5DDE-4E13-83C2-B43445AF10A4}.Release|Any CPU.Build.0 = Release|Any CPU
		{F454AE75-D034-473F-8537-B558728F1F8A}.Debug|Any CPU.ActiveCfg = Debug|Any CPU
		{F454AE75-D034-473F-8537-B558728F1F8A}.Debug|Any CPU.Build.0 = Debug|Any CPU
		{F454AE75-D034-473F-8537-B558728F1F8A}.Release|Any CPU.ActiveCfg = Release|Any CPU
		{F454AE75-D034-473F-8537-B558728F1F8A}.Release|Any CPU.Build.0 = Release|Any CPU
		{0F75FD5F-1E1C-4812-8772-7BC4891CDC6B}.Debug|Any CPU.ActiveCfg = Debug|Any CPU
		{0F75FD5F-1E1C-4812-8772-7BC4891CDC6B}.Debug|Any CPU.Build.0 = Debug|Any CPU
		{0F75FD5F-1E1C-4812-8772-7BC4891CDC6B}.Release|Any CPU.ActiveCfg = Release|Any CPU
		{0F75FD5F-1E1C-4812-8772-7BC4891CDC6B}.Release|Any CPU.Build.0 = Release|Any CPU
		{455025A1-14E4-4FBF-8AF0-2B0894A1F11D}.Debug|Any CPU.ActiveCfg = Debug|Any CPU
		{455025A1-14E4-4FBF-8AF0-2B0894A1F11D}.Debug|Any CPU.Build.0 = Debug|Any CPU
		{455025A1-14E4-4FBF-8AF0-2B0894A1F11D}.Release|Any CPU.ActiveCfg = Release|Any CPU
		{455025A1-14E4-4FBF-8AF0-2B0894A1F11D}.Release|Any CPU.Build.0 = Release|Any CPU
	EndGlobalSection
	GlobalSection(SolutionProperties) = preSolution
		HideSolutionNode = FALSE
	EndGlobalSection
	GlobalSection(NestedProjects) = preSolution
		{6753414D-DF46-48BD-B367-39E4BB7E2B78} = {E887168E-58D3-4D81-B9F0-A82E93A1C132}
		{EFF5D187-95F3-4355-A036-1FB6037EEA1E} = {E887168E-58D3-4D81-B9F0-A82E93A1C132}
		{F755C462-4EE9-42AA-BDB3-C3790AFF9AE6} = {E887168E-58D3-4D81-B9F0-A82E93A1C132}
		{7628E120-BE1B-4260-BE74-C810EB646716} = {AC923E92-CFD1-4E1D-BDC9-B1F55F265F45}
		{7EFAEC2C-56BA-4B8E-8487-53611F01385E} = {AC923E92-CFD1-4E1D-BDC9-B1F55F265F45}
		{4F70C81E-0CC1-4235-A4FE-F72556F59F3D} = {AC923E92-CFD1-4E1D-BDC9-B1F55F265F45}
		{1F066731-382A-44AC-9E53-64F00E67EAC6} = {AC923E92-CFD1-4E1D-BDC9-B1F55F265F45}
		{56A86D30-783B-4728-A08F-85D5A2D53197} = {437BDBEF-B034-4035-A90A-BD2CEBAFA345}
		{3FD21C95-51C7-4F13-AA84-12A1F5B52A7E} = {437BDBEF-B034-4035-A90A-BD2CEBAFA345}
		{4DFE2035-0C7E-4520-87CB-F688F7A3AB9B} = {437BDBEF-B034-4035-A90A-BD2CEBAFA345}
		{D5679A90-5937-4CB9-8C6C-6EBF9DED3F8D} = {1ED60177-2F70-4925-98E1-8C05E74517C5}
		{D6AE20F8-90B6-451C-A8FD-B69FA1D8324E} = {1ED60177-2F70-4925-98E1-8C05E74517C5}
		{9AFCF239-B823-4FAA-9271-E0D37118185E} = {1ED60177-2F70-4925-98E1-8C05E74517C5}
		{AB5FDAC9-6920-4FD3-9CF6-1BF75CB190E7} = {4F6DDA88-D0CA-4F72-850B-396118E7E0AA}
		{9611C18C-5DDE-4E13-83C2-B43445AF10A4} = {4F6DDA88-D0CA-4F72-850B-396118E7E0AA}
		{F454AE75-D034-473F-8537-B558728F1F8A} = {4F6DDA88-D0CA-4F72-850B-396118E7E0AA}
		{0F75FD5F-1E1C-4812-8772-7BC4891CDC6B} = {4F6DDA88-D0CA-4F72-850B-396118E7E0AA}
		{455025A1-14E4-4FBF-8AF0-2B0894A1F11D} = {4F6DDA88-D0CA-4F72-850B-396118E7E0AA}
	EndGlobalSection
	GlobalSection(ExtensibilityGlobals) = postSolution
		SolutionGuid = {E296831B-180A-4405-B168-2A24E38E5014}
	EndGlobalSection
EndGlobal
