
Microsoft Visual Studio Solution File, Format Version 12.00
# Visual Studio 15
VisualStudioVersion = 15.0.27703.2042
MinimumVisualStudioVersion = 10.0.40219.1
Project("{9A19103F-16F7-4668-BE54-9A1E7A4F7556}") = "TheHiProgram", "TheHiProgram\TheHiProgram.csproj", "{6753414D-DF46-48BD-B367-39E4BB7E2B78}"
EndProject
Project("{9A19103F-16F7-4668-BE54-9A1E7A4F7556}") = "AgeAfter10Years", "AgeAfter10Years\AgeAfter10Years.csproj", "{EFF5D187-95F3-4355-A036-1FB6037EEA1E}"
EndProject
Project("{9A19103F-16F7-4668-BE54-9A1E7A4F7556}") = "MyUniqueNumber", "MyUniqueNumber\MyUniqueNumber.csproj", "{F755C462-4EE9-42AA-BDB3-C3790AFF9AE6}"
EndProject
Project("{2150E333-8FDC-42A3-9474-1A3956D46DE8}") = "week2", "week2", "{AC923E92-CFD1-4E1D-BDC9-B1F55F265F45}"
EndProject
Project("{FAE04EC0-301F-11D3-BF4B-00C04F79EFBC}") = "Travel2TheSunWithSoundSpeedInWater", "Travel2TheSunWithSoundSpeedInWater\Travel2TheSunWithSoundSpeedInWater.csproj", "{7628E120-BE1B-4260-BE74-C810EB646716}"
EndProject
Global
	GlobalSection(SolutionConfigurationPlatforms) = preSolution
		Debug|Any CPU = Debug|Any CPU
		Release|Any CPU = Release|Any CPU
	EndGlobalSection
	GlobalSection(ProjectConfigurationPlatforms) = postSolution
		{6753414D-DF46-48BD-B367-39E4BB7E2B78}.Debug|Any CPU.ActiveCfg = Debug|Any CPU
		{6753414D-DF46-48BD-B367-39E4BB7E2B78}.Debug|Any CPU.Build.0 = Debug|Any CPU
		{6753414D-DF46-48BD-B367-39E4BB7E2B78}.Release|Any CPU.ActiveCfg = Release|Any CPU
		{6753414D-DF46-48BD-B367-39E4BB7E2B78}.Release|Any CPU.Build.0 = Release|Any CPU
		{EFF5D187-95F3-4355-A036-1FB6037EEA1E}.Debug|Any CPU.ActiveCfg = Debug|Any CPU
		{EFF5D187-95F3-4355-A036-1FB6037EEA1E}.Debug|Any CPU.Build.0 = Debug|Any CPU
		{EFF5D187-95F3-4355-A036-1FB6037EEA1E}.Release|Any CPU.ActiveCfg = Release|Any CPU
		{EFF5D187-95F3-4355-A036-1FB6037EEA1E}.Release|Any CPU.Build.0 = Release|Any CPU
		{F755C462-4EE9-42AA-BDB3-C3790AFF9AE6}.Debug|Any CPU.ActiveCfg = Debug|Any CPU
		{F755C462-4EE9-42AA-BDB3-C3790AFF9AE6}.Debug|Any CPU.Build.0 = Debug|Any CPU
		{F755C462-4EE9-42AA-BDB3-C3790AFF9AE6}.Release|Any CPU.ActiveCfg = Release|Any CPU
		{F755C462-4EE9-42AA-BDB3-C3790AFF9AE6}.Release|Any CPU.Build.0 = Release|Any CPU
		{7628E120-BE1B-4260-BE74-C810EB646716}.Debug|Any CPU.ActiveCfg = Debug|Any CPU
		{7628E120-BE1B-4260-BE74-C810EB646716}.Debug|Any CPU.Build.0 = Debug|Any CPU
		{7628E120-BE1B-4260-BE74-C810EB646716}.Release|Any CPU.ActiveCfg = Release|Any CPU
		{7628E120-BE1B-4260-BE74-C810EB646716}.Release|Any CPU.Build.0 = Release|Any CPU
	EndGlobalSection
	GlobalSection(SolutionProperties) = preSolution
		HideSolutionNode = FALSE
	EndGlobalSection
	GlobalSection(NestedProjects) = preSolution
		{7628E120-BE1B-4260-BE74-C810EB646716} = {AC923E92-CFD1-4E1D-BDC9-B1F55F265F45}
	EndGlobalSection
	GlobalSection(ExtensibilityGlobals) = postSolution
		SolutionGuid = {E296831B-180A-4405-B168-2A24E38E5014}
	EndGlobalSection
EndGlobal
